
Microsoft Visual Studio Solution File, Format Version 12.00
# Visual Studio 15
VisualStudioVersion = 15.0.28010.0
MinimumVisualStudioVersion = 10.0.40219.1
Project("{FAE04EC0-301F-11D3-BF4B-00C04F79EFBC}") = "WeChatSampleBuilder", "WeChatSampleBuilder\WeChatSampleBuilder.csproj", "{FDE4CFE9-7CAE-45C2-8B44-3540FBEF6A26}"
EndProject
Global
	GlobalSection(SolutionConfigurationPlatforms) = preSolution
		Debug|Any CPU = Debug|Any CPU
		Release|Any CPU = Release|Any CPU
	EndGlobalSection
	GlobalSection(ProjectConfigurationPlatforms) = postSolution
		{FDE4CFE9-7CAE-45C2-8B44-3540FBEF6A26}.Debug|Any CPU.ActiveCfg = Debug|Any CPU
		{FDE4CFE9-7CAE-45C2-8B44-3540FBEF6A26}.Debug|Any CPU.Build.0 = Debug|Any CPU
		{FDE4CFE9-7CAE-45C2-8B44-3540FBEF6A26}.Release|Any CPU.ActiveCfg = Release|Any CPU
		{FDE4CFE9-7CAE-45C2-8B44-3540FBEF6A26}.Release|Any CPU.Build.0 = Release|Any CPU
	EndGlobalSection
	GlobalSection(SolutionProperties) = preSolution
		HideSolutionNode = FALSE
	EndGlobalSection
	GlobalSection(ExtensibilityGlobals) = postSolution
		SolutionGuid = {695DDB01-E0BB-4300-95C6-DD5083A25DE2}
	EndGlobalSection
EndGlobal
